
Microsoft Visual Studio Solution File, Format Version 12.00
# Visual Studio Version 17
VisualStudioVersion = 17.8.34511.84
MinimumVisualStudioVersion = 10.0.40219.1
Project("{FAE04EC0-301F-11D3-BF4B-00C04F79EFBC}") = "SkripsiDataLog", "SkripsiDataLog\SkripsiDataLog.csproj", "{3A52B4AB-5221-4D75-9113-3A29507028EE}"
EndProject
Global
	GlobalSection(SolutionConfigurationPlatforms) = preSolution
		Debug|Any CPU = Debug|Any CPU
		Release|Any CPU = Release|Any CPU
	EndGlobalSection
	GlobalSection(ProjectConfigurationPlatforms) = postSolution
		{3A52B4AB-5221-4D75-9113-3A29507028EE}.Debug|Any CPU.ActiveCfg = Debug|Any CPU
		{3A52B4AB-5221-4D75-9113-3A29507028EE}.Debug|Any CPU.Build.0 = Debug|Any CPU
		{3A52B4AB-5221-4D75-9113-3A29507028EE}.Release|Any CPU.ActiveCfg = Release|Any CPU
		{3A52B4AB-5221-4D75-9113-3A29507028EE}.Release|Any CPU.Build.0 = Release|Any CPU
	EndGlobalSection
	GlobalSection(SolutionProperties) = preSolution
		HideSolutionNode = FALSE
	EndGlobalSection
	GlobalSection(ExtensibilityGlobals) = postSolution
		SolutionGuid = {9167C321-3DAF-4C2B-948F-5D3F811EEA9A}
	EndGlobalSection
EndGlobal
